
Microsoft Visual Studio Solution File, Format Version 12.00
# Visual Studio Version 17
VisualStudioVersion = 17.14.36908.2 d17.14
MinimumVisualStudioVersion = 10.0.40219.1
Project("{888888A0-9F3D-457C-B088-3A5042F75D52}") = "nexus-downloader", "nexus-downloader.pyproj", "{FDEE46E7-DFD8-47A5-B937-650E97846A68}"
EndProject
Global
	GlobalSection(SolutionConfigurationPlatforms) = preSolution
		Debug|Any CPU = Debug|Any CPU
		Release|Any CPU = Release|Any CPU
	EndGlobalSection
	GlobalSection(ProjectConfigurationPlatforms) = postSolution
		{FDEE46E7-DFD8-47A5-B937-650E97846A68}.Debug|Any CPU.ActiveCfg = Debug|Any CPU
		{FDEE46E7-DFD8-47A5-B937-650E97846A68}.Release|Any CPU.ActiveCfg = Release|Any CPU
	EndGlobalSection
	GlobalSection(SolutionProperties) = preSolution
		HideSolutionNode = FALSE
	EndGlobalSection
	GlobalSection(ExtensibilityGlobals) = postSolution
		SolutionGuid = {B5C9D90F-9962-4AD9-9A90-7EB7A0DD4607}
	EndGlobalSection
EndGlobal
